{
  "name": "turborepo-basic-shared",
  "version": "0.0.0",
  "lockfileVersion": 1,
  "requires": true,
  "dependencies": {
    "prettier": {
      "version": "2.5.1",
      "resolved": "https://registry.npmjs.org/prettier/-/prettier-2.5.1.tgz",
      "integrity": "sha512-vBZcPRUR5MZJwoyi3ZoyQlc1rXeEck8KgeC9AwwOn+exuxLxq5toTRDTSaVrXHxelDMHy9zlicw8u66yxoSUFg==",
      "dev": true
    },
    "turbo": {
      "version": "1.0.24",
      "resolved": "https://registry.npmjs.org/turbo/-/turbo-1.0.24.tgz",
      "integrity": "sha512-bfOr7iW48+chDl+yKiZ5FIWzXOF6xOIyrAGPaWI+I5CdD27IZCEGvqvTV/weaHvjLbV7otybHQ56XCybBlVjoA==",
      "dev": true,
      "requires": {
        "turbo-darwin-64": "1.0.24",
        "turbo-darwin-arm64": "1.0.24",
        "turbo-freebsd-64": "1.0.24",
        "turbo-freebsd-arm64": "1.0.24",
        "turbo-linux-32": "1.0.24",
        "turbo-linux-64": "1.0.24",
        "turbo-linux-arm": "1.0.24",
        "turbo-linux-arm64": "1.0.24",
        "turbo-linux-mips64le": "1.0.24",
        "turbo-linux-ppc64le": "1.0.24",
        "turbo-windows-32": "1.0.24",
        "turbo-windows-64": "1.0.24"
      }
    },
    "turbo-darwin-64": {
      "version": "1.0.24",
      "resolved": "https://registry.npmjs.org/turbo-darwin-64/-/turbo-darwin-64-1.0.24.tgz",
      "integrity": "sha512-A65Wxp+jBMfI3QX2uObX6DKvk+TxNXTf7ufQTHvRSLeAreB8QiVzJdYE0nC6YdrRwfPgFY3L72dhYd2v8ouXDg==",
      "dev": true,
      "optional": true
    },
    "turbo-darwin-arm64": {
      "version": "1.0.24",
      "resolved": "https://registry.npmjs.org/turbo-darwin-arm64/-/turbo-darwin-arm64-1.0.24.tgz",
      "integrity": "sha512-31zfexqUhvk/CIfAUk2mwjlpEjIURXu4QG8hoWlGxpcpAhlnkIX6CXle+LoQSnU3+4EbNe2SE92fYXsT/SnHAg==",
      "dev": true,
      "optional": true
    },
    "turbo-freebsd-64": {
      "version": "1.0.24",
      "resolved": "https://registry.npmjs.org/turbo-freebsd-64/-/turbo-freebsd-64-1.0.24.tgz",
      "integrity": "sha512-vZYbDkOHH5eeQrxsAYldrh2nDY884irtmgJdGbpjryJgnJx+xzriZfoFalm/d1ZfG3ArENRJqGU+k6BriefZzw==",
      "dev": true,
      "optional": true
    },
    "turbo-freebsd-arm64": {
      "version": "1.0.24",
      "resolved": "https://registry.npmjs.org/turbo-freebsd-arm64/-/turbo-freebsd-arm64-1.0.24.tgz",
      "integrity": "sha512-TDIu1PlyusY8AB69KGM4wGrCjtfbzmVF4Hlgf9mVeSWVKzqkRASorOEq1k8KvfZ+sBTS2GBMpqwpa1KVkYpVhw==",
      "dev": true,
      "optional": true
    },
    "turbo-linux-32": {
      "version": "1.0.24",
      "resolved": "https://registry.npmjs.org/turbo-linux-32/-/turbo-linux-32-1.0.24.tgz",
      "integrity": "sha512-lhhK7914sUtuWYcDO8LV7NQkvTIwpAZlYH0XEOC/OTiYRQJvtKbEySLvefvtwuGjx7cGNI6OYraUsY3WWoK3FA==",
      "dev": true,
      "optional": true
    },
    "turbo-linux-64": {
      "version": "1.0.24",
      "resolved": "https://registry.npmjs.org/turbo-linux-64/-/turbo-linux-64-1.0.24.tgz",
      "integrity": "sha512-EbfdrkwVsHDG7AIVQ1enWHoD6riAApx4VRAuFcQHTvJU9e+BuOQBMjb7e9jO4mUrpumtN3n20tP+86odRwsk5g==",
      "dev": true,
      "optional": true
    },
    "turbo-linux-arm": {
      "version": "1.0.24",
      "resolved": "https://registry.npmjs.org/turbo-linux-arm/-/turbo-linux-arm-1.0.24.tgz",
      "integrity": "sha512-lCNDVEkwxcn0acyPFVJgV5N5vKAP4LfXb+8uW/JpGHVoPHSONKtzYQG05J1KbHXpIjUT+DNgFtshtsdZYOewZQ==",
      "dev": true,
      "optional": true
    },
    "turbo-linux-arm64": {
      "version": "1.0.24",
      "resolved": "https://registry.npmjs.org/turbo-linux-arm64/-/turbo-linux-arm64-1.0.24.tgz",
      "integrity": "sha512-H4rqlgP2L7G3iAB/un/7DclExzLUkQ1NoZ0p/1Oa7Wb8H1YUlc8GkwUmpIFd5AOFSPL75DjYvlS8T5Tm23i+1A==",
      "dev": true,
      "optional": true
    },
    "turbo-linux-mips64le": {
      "version": "1.0.24",
      "resolved": "https://registry.npmjs.org/turbo-linux-mips64le/-/turbo-linux-mips64le-1.0.24.tgz",
      "integrity": "sha512-AmrgQUDIe9AdNyh5YrI6pfMTUHD/gYfbylNmedLuN5Al3xINdZObcISzd/7VWd+V8wNW/1b9lUnt70Rv/KExfA==",
      "dev": true,
      "optional": true
    },
    "turbo-linux-ppc64le": {
      "version": "1.0.24",
      "resolved": "https://registry.npmjs.org/turbo-linux-ppc64le/-/turbo-linux-ppc64le-1.0.24.tgz",
      "integrity": "sha512-+6ESjsfrvRUr1AsurNcRTrqYr+XHG8g763+hXLog1MP9mn1cufZqWlAyE4G8/MLXDHsEKgK+tXqPLIyLBRjLEw==",
      "dev": true,
      "optional": true
    },
    "turbo-windows-32": {
      "version": "1.0.24",
      "resolved": "https://registry.npmjs.org/turbo-windows-32/-/turbo-windows-32-1.0.24.tgz",
      "integrity": "sha512-pqRys+FfHxuLVmW/AariITL5qpItp4WPAsYnWLx4u7VpCOO/qmTAI/SL7/jnTm4gxjBv3uf//lisu0AvEZd+TA==",
      "dev": true,
      "optional": true
    },
    "turbo-windows-64": {
      "version": "1.0.24",
      "resolved": "https://registry.npmjs.org/turbo-windows-64/-/turbo-windows-64-1.0.24.tgz",
      "integrity": "sha512-YHAWha5XkW0Ate1HtwhzFD32kZFXtC8KB4ReEvHc9GM2inQob1ZinvktS0xi5MC5Sxl9+bObOWmsxeZPOgNCFA==",
      "dev": true,
      "optional": true
    }
  }
}
